{
    "version": 3,
    "terraform_version": "0.11.2",
    "serial": 2,
    "lineage": "a5bdba50-588e-4aa5-b853-48c76045ff62",
    "modules": [
        {
            "path": [
                "root"
            ],
            "outputs": {},
            "resources": {
                "aws_internet_gateway.gw": {
                    "type": "aws_internet_gateway",
                    "depends_on": [
                        "aws_vpc.ipa_vpc"
                    ],
                    "primary": {
                        "id": "igw-d76415bf",
                        "attributes": {
                            "id": "igw-d76415bf",
                            "tags.%": "1",
                            "tags.Name": "ipa_gw",
                            "vpc_id": "vpc-9f9a11f4"
                        },
                        "meta": {},
                        "tainted": false
                    },
                    "deposed": [],
                    "provider": "provider.aws"
                },
                "aws_vpc.ipa_vpc": {
                    "type": "aws_vpc",
                    "depends_on": [],
                    "primary": {
                        "id": "vpc-9f9a11f4",
                        "attributes": {
                            "assign_generated_ipv6_cidr_block": "false",
                            "cidr_block": "10.0.0.0/16",
                            "default_network_acl_id": "acl-b883dcd3",
                            "default_route_table_id": "rtb-db310fb0",
                            "default_security_group_id": "sg-e5c44f88",
                            "dhcp_options_id": "dopt-86679fee",
                            "enable_dns_hostnames": "false",
                            "enable_dns_support": "true",
                            "id": "vpc-9f9a11f4",
                            "instance_tenancy": "default",
                            "main_route_table_id": "rtb-db310fb0",
                            "tags.%": "1",
                            "tags.Name": "ipa_vpc"
                        },
                        "meta": {
                            "schema_version": "1"
                        },
                        "tainted": false
                    },
                    "deposed": [],
                    "provider": "provider.aws"
                }
            },
            "depends_on": []
        }
    ]
}
